
Microsoft Visual Studio Solution File, Format Version 12.00
# Visual Studio Version 16
VisualStudioVersion = 16.0.30503.244
MinimumVisualStudioVersion = 10.0.40219.1
Project("{8BC9CEB8-8B4A-11D0-8D11-00A0C91BC942}") = "DVServerKMD", "DVServerKMD\DVServerKMD.vcxproj", "{306D5DF8-DE6B-4EE7-9383-5D1992FAF5EC}"
	ProjectSection(ProjectDependencies) = postProject
		{01D87C47-437A-4A16-8FD9-33FA5C99339E} = {01D87C47-437A-4A16-8FD9-33FA5C99339E}
		{2D54CB75-8B17-4F11-97DC-847B0244CD46} = {2D54CB75-8B17-4F11-97DC-847B0244CD46}
		{7F9F9DEC-8689-4D05-9DC8-FC0125C5254A} = {7F9F9DEC-8689-4D05-9DC8-FC0125C5254A}
	EndProjectSection
EndProject
Project("{8BC9CEB8-8B4A-11D0-8D11-00A0C91BC942}") = "VirtioLib", "VirtIO\VirtioLib.vcxproj", "{01D87C47-437A-4A16-8FD9-33FA5C99339E}"
EndProject
Project("{8BC9CEB8-8B4A-11D0-8D11-00A0C91BC942}") = "DVServer", "DVServerUMD\DVServer\DVServer.vcxproj", "{2D54CB75-8B17-4F11-97DC-847B0244CD46}"
EndProject
Project("{8BC9CEB8-8B4A-11D0-8D11-00A0C91BC942}") = "DVServerUMD_Node", "DVServerUMD\DVServerUMD_Node\DVServerUMD_Node.vcxproj", "{9EEE2C7A-4E14-4F7C-9916-4002B0827FF3}"
EndProject
Project("{8BC9CEB8-8B4A-11D0-8D11-00A0C91BC942}") = "edidparser", "EDIDParser\edidparser.vcxproj", "{7F9F9DEC-8689-4D05-9DC8-FC0125C5254A}"
EndProject
Project("{8BC9CEB8-8B4A-11D0-8D11-00A0C91BC942}") = "DVEnabler", "DVServerUMD\DVEnabler\DVEnabler.vcxproj", "{1CBF91F2-3537-44A7-A052-D9F4F9C1C2B6}"
EndProject
Global
	GlobalSection(SolutionConfigurationPlatforms) = preSolution
		Debug|ARM = Debug|ARM
		Debug|ARM64 = Debug|ARM64
		Debug|x64 = Debug|x64
		Debug|x86 = Debug|x86
		Release|ARM = Release|ARM
		Release|ARM64 = Release|ARM64
		Release|x64 = Release|x64
		Release|x86 = Release|x86
	EndGlobalSection
	GlobalSection(ProjectConfigurationPlatforms) = postSolution
		{306D5DF8-DE6B-4EE7-9383-5D1992FAF5EC}.Debug|ARM.ActiveCfg = Debug|x64
		{306D5DF8-DE6B-4EE7-9383-5D1992FAF5EC}.Debug|ARM64.ActiveCfg = Debug|x64
		{306D5DF8-DE6B-4EE7-9383-5D1992FAF5EC}.Debug|x64.ActiveCfg = Debug|x64
		{306D5DF8-DE6B-4EE7-9383-5D1992FAF5EC}.Debug|x64.Build.0 = Debug|x64
		{306D5DF8-DE6B-4EE7-9383-5D1992FAF5EC}.Debug|x64.Deploy.0 = Debug|x64
		{306D5DF8-DE6B-4EE7-9383-5D1992FAF5EC}.Debug|x86.ActiveCfg = Debug|x64
		{306D5DF8-DE6B-4EE7-9383-5D1992FAF5EC}.Release|ARM.ActiveCfg = Release|x64
		{306D5DF8-DE6B-4EE7-9383-5D1992FAF5EC}.Release|ARM64.ActiveCfg = Release|x64
		{306D5DF8-DE6B-4EE7-9383-5D1992FAF5EC}.Release|x64.ActiveCfg = Release|x64
		{306D5DF8-DE6B-4EE7-9383-5D1992FAF5EC}.Release|x64.Build.0 = Release|x64
		{306D5DF8-DE6B-4EE7-9383-5D1992FAF5EC}.Release|x64.Deploy.0 = Release|x64
		{306D5DF8-DE6B-4EE7-9383-5D1992FAF5EC}.Release|x86.ActiveCfg = Release|x64
		{01D87C47-437A-4A16-8FD9-33FA5C99339E}.Debug|ARM.ActiveCfg = Debug|x64
		{01D87C47-437A-4A16-8FD9-33FA5C99339E}.Debug|ARM64.ActiveCfg = Debug|Win32
		{01D87C47-437A-4A16-8FD9-33FA5C99339E}.Debug|x64.ActiveCfg = Debug|x64
		{01D87C47-437A-4A16-8FD9-33FA5C99339E}.Debug|x64.Build.0 = Debug|x64
		{01D87C47-437A-4A16-8FD9-33FA5C99339E}.Debug|x64.Deploy.0 = Debug|x64
		{01D87C47-437A-4A16-8FD9-33FA5C99339E}.Debug|x86.ActiveCfg = Debug|Win32
		{01D87C47-437A-4A16-8FD9-33FA5C99339E}.Debug|x86.Build.0 = Debug|Win32
		{01D87C47-437A-4A16-8FD9-33FA5C99339E}.Debug|x86.Deploy.0 = Debug|Win32
		{01D87C47-437A-4A16-8FD9-33FA5C99339E}.Release|ARM.ActiveCfg = Release|x64
		{01D87C47-437A-4A16-8FD9-33FA5C99339E}.Release|ARM64.ActiveCfg = Release|Win32
		{01D87C47-437A-4A16-8FD9-33FA5C99339E}.Release|x64.ActiveCfg = Release|x64
		{01D87C47-437A-4A16-8FD9-33FA5C99339E}.Release|x64.Build.0 = Release|x64
		{01D87C47-437A-4A16-8FD9-33FA5C99339E}.Release|x64.Deploy.0 = Release|x64
		{01D87C47-437A-4A16-8FD9-33FA5C99339E}.Release|x86.ActiveCfg = Release|Win32
		{01D87C47-437A-4A16-8FD9-33FA5C99339E}.Release|x86.Build.0 = Release|Win32
		{01D87C47-437A-4A16-8FD9-33FA5C99339E}.Release|x86.Deploy.0 = Release|Win32
		{2D54CB75-8B17-4F11-97DC-847B0244CD46}.Debug|ARM.ActiveCfg = Debug|x64
		{2D54CB75-8B17-4F11-97DC-847B0244CD46}.Debug|ARM.Build.0 = Debug|x64
		{2D54CB75-8B17-4F11-97DC-847B0244CD46}.Debug|ARM.Deploy.0 = Debug|x64
		{2D54CB75-8B17-4F11-97DC-847B0244CD46}.Debug|ARM64.ActiveCfg = Debug|ARM64
		{2D54CB75-8B17-4F11-97DC-847B0244CD46}.Debug|ARM64.Build.0 = Debug|ARM64
		{2D54CB75-8B17-4F11-97DC-847B0244CD46}.Debug|ARM64.Deploy.0 = Debug|ARM64
		{2D54CB75-8B17-4F11-97DC-847B0244CD46}.Debug|x64.ActiveCfg = Debug|x64
		{2D54CB75-8B17-4F11-97DC-847B0244CD46}.Debug|x64.Build.0 = Debug|x64
		{2D54CB75-8B17-4F11-97DC-847B0244CD46}.Debug|x64.Deploy.0 = Debug|x64
		{2D54CB75-8B17-4F11-97DC-847B0244CD46}.Debug|x86.ActiveCfg = Debug|Win32
		{2D54CB75-8B17-4F11-97DC-847B0244CD46}.Debug|x86.Build.0 = Debug|Win32
		{2D54CB75-8B17-4F11-97DC-847B0244CD46}.Debug|x86.Deploy.0 = Debug|Win32
		{2D54CB75-8B17-4F11-97DC-847B0244CD46}.Release|ARM.ActiveCfg = Release|x64
		{2D54CB75-8B17-4F11-97DC-847B0244CD46}.Release|ARM.Build.0 = Release|x64
		{2D54CB75-8B17-4F11-97DC-847B0244CD46}.Release|ARM.Deploy.0 = Release|x64
		{2D54CB75-8B17-4F11-97DC-847B0244CD46}.Release|ARM64.ActiveCfg = Release|ARM64
		{2D54CB75-8B17-4F11-97DC-847B0244CD46}.Release|ARM64.Build.0 = Release|ARM64
		{2D54CB75-8B17-4F11-97DC-847B0244CD46}.Release|ARM64.Deploy.0 = Release|ARM64
		{2D54CB75-8B17-4F11-97DC-847B0244CD46}.Release|x64.ActiveCfg = Release|x64
		{2D54CB75-8B17-4F11-97DC-847B0244CD46}.Release|x64.Build.0 = Release|x64
		{2D54CB75-8B17-4F11-97DC-847B0244CD46}.Release|x64.Deploy.0 = Release|x64
		{2D54CB75-8B17-4F11-97DC-847B0244CD46}.Release|x86.ActiveCfg = Release|Win32
		{2D54CB75-8B17-4F11-97DC-847B0244CD46}.Release|x86.Build.0 = Release|Win32
		{2D54CB75-8B17-4F11-97DC-847B0244CD46}.Release|x86.Deploy.0 = Release|Win32
		{9EEE2C7A-4E14-4F7C-9916-4002B0827FF3}.Debug|ARM.ActiveCfg = Debug|x64
		{9EEE2C7A-4E14-4F7C-9916-4002B0827FF3}.Debug|ARM.Build.0 = Debug|x64
		{9EEE2C7A-4E14-4F7C-9916-4002B0827FF3}.Debug|ARM64.ActiveCfg = Debug|ARM64
		{9EEE2C7A-4E14-4F7C-9916-4002B0827FF3}.Debug|ARM64.Build.0 = Debug|ARM64
		{9EEE2C7A-4E14-4F7C-9916-4002B0827FF3}.Debug|x64.ActiveCfg = Debug|x64
		{9EEE2C7A-4E14-4F7C-9916-4002B0827FF3}.Debug|x64.Build.0 = Debug|x64
		{9EEE2C7A-4E14-4F7C-9916-4002B0827FF3}.Debug|x86.ActiveCfg = Debug|Win32
		{9EEE2C7A-4E14-4F7C-9916-4002B0827FF3}.Debug|x86.Build.0 = Debug|Win32
		{9EEE2C7A-4E14-4F7C-9916-4002B0827FF3}.Release|ARM.ActiveCfg = Release|ARM
		{9EEE2C7A-4E14-4F7C-9916-4002B0827FF3}.Release|ARM.Build.0 = Release|ARM
		{9EEE2C7A-4E14-4F7C-9916-4002B0827FF3}.Release|ARM64.ActiveCfg = Release|ARM64
		{9EEE2C7A-4E14-4F7C-9916-4002B0827FF3}.Release|ARM64.Build.0 = Release|ARM64
		{9EEE2C7A-4E14-4F7C-9916-4002B0827FF3}.Release|x64.ActiveCfg = Release|x64
		{9EEE2C7A-4E14-4F7C-9916-4002B0827FF3}.Release|x64.Build.0 = Release|x64
		{9EEE2C7A-4E14-4F7C-9916-4002B0827FF3}.Release|x86.ActiveCfg = Release|Win32
		{9EEE2C7A-4E14-4F7C-9916-4002B0827FF3}.Release|x86.Build.0 = Release|Win32
		{7F9F9DEC-8689-4D05-9DC8-FC0125C5254A}.Debug|ARM.ActiveCfg = Debug|Win32
		{7F9F9DEC-8689-4D05-9DC8-FC0125C5254A}.Debug|ARM64.ActiveCfg = Debug|Win32
		{7F9F9DEC-8689-4D05-9DC8-FC0125C5254A}.Debug|x64.ActiveCfg = Debug|x64
		{7F9F9DEC-8689-4D05-9DC8-FC0125C5254A}.Debug|x64.Build.0 = Debug|x64
		{7F9F9DEC-8689-4D05-9DC8-FC0125C5254A}.Debug|x86.ActiveCfg = Debug|Win32
		{7F9F9DEC-8689-4D05-9DC8-FC0125C5254A}.Debug|x86.Build.0 = Debug|Win32
		{7F9F9DEC-8689-4D05-9DC8-FC0125C5254A}.Release|ARM.ActiveCfg = Release|Win32
		{7F9F9DEC-8689-4D05-9DC8-FC0125C5254A}.Release|ARM64.ActiveCfg = Release|Win32
		{7F9F9DEC-8689-4D05-9DC8-FC0125C5254A}.Release|x64.ActiveCfg = Release|x64
		{7F9F9DEC-8689-4D05-9DC8-FC0125C5254A}.Release|x64.Build.0 = Release|x64
		{7F9F9DEC-8689-4D05-9DC8-FC0125C5254A}.Release|x86.ActiveCfg = Release|Win32
		{7F9F9DEC-8689-4D05-9DC8-FC0125C5254A}.Release|x86.Build.0 = Release|Win32
		{1CBF91F2-3537-44A7-A052-D9F4F9C1C2B6}.Debug|ARM.ActiveCfg = Debug|Win32
		{1CBF91F2-3537-44A7-A052-D9F4F9C1C2B6}.Debug|ARM64.ActiveCfg = Debug|Win32
		{1CBF91F2-3537-44A7-A052-D9F4F9C1C2B6}.Debug|x64.ActiveCfg = Debug|x64
		{1CBF91F2-3537-44A7-A052-D9F4F9C1C2B6}.Debug|x64.Build.0 = Debug|x64
		{1CBF91F2-3537-44A7-A052-D9F4F9C1C2B6}.Debug|x86.ActiveCfg = Debug|Win32
		{1CBF91F2-3537-44A7-A052-D9F4F9C1C2B6}.Debug|x86.Build.0 = Debug|Win32
		{1CBF91F2-3537-44A7-A052-D9F4F9C1C2B6}.Release|ARM.ActiveCfg = Release|Win32
		{1CBF91F2-3537-44A7-A052-D9F4F9C1C2B6}.Release|ARM64.ActiveCfg = Release|Win32
		{1CBF91F2-3537-44A7-A052-D9F4F9C1C2B6}.Release|x64.ActiveCfg = Release|x64
		{1CBF91F2-3537-44A7-A052-D9F4F9C1C2B6}.Release|x64.Build.0 = Release|x64
		{1CBF91F2-3537-44A7-A052-D9F4F9C1C2B6}.Release|x86.ActiveCfg = Release|Win32
		{1CBF91F2-3537-44A7-A052-D9F4F9C1C2B6}.Release|x86.Build.0 = Release|Win32
	EndGlobalSection
	GlobalSection(SolutionProperties) = preSolution
		HideSolutionNode = FALSE
	EndGlobalSection
	GlobalSection(ExtensibilityGlobals) = postSolution
		SolutionGuid = {9D304C05-837B-4375-923E-DAB2AD6B0486}
	EndGlobalSection
EndGlobal
